
Microsoft Visual Studio Solution File, Format Version 12.00
# Visual Studio Version 17
VisualStudioVersion = 17.6.33712.159
MinimumVisualStudioVersion = 10.0.40219.1
Project("{FAE04EC0-301F-11D3-BF4B-00C04F79EFBC}") = "CRUD_JokesWebApp", "CRUD_JokesWebApp.csproj", "{BB37B178-E672-4037-BD3E-02E70C34C4F6}"
EndProject
Global
	GlobalSection(SolutionConfigurationPlatforms) = preSolution
		Debug|Any CPU = Debug|Any CPU
		Release|Any CPU = Release|Any CPU
	EndGlobalSection
	GlobalSection(ProjectConfigurationPlatforms) = postSolution
		{BB37B178-E672-4037-BD3E-02E70C34C4F6}.Debug|Any CPU.ActiveCfg = Debug|Any CPU
		{BB37B178-E672-4037-BD3E-02E70C34C4F6}.Debug|Any CPU.Build.0 = Debug|Any CPU
		{BB37B178-E672-4037-BD3E-02E70C34C4F6}.Release|Any CPU.ActiveCfg = Release|Any CPU
		{BB37B178-E672-4037-BD3E-02E70C34C4F6}.Release|Any CPU.Build.0 = Release|Any CPU
	EndGlobalSection
	GlobalSection(SolutionProperties) = preSolution
		HideSolutionNode = FALSE
	EndGlobalSection
	GlobalSection(ExtensibilityGlobals) = postSolution
		SolutionGuid = {CD8D9365-EB81-40FD-9696-942EF4DEB9DE}
	EndGlobalSection
EndGlobal
